
Microsoft Visual Studio Solution File, Format Version 12.00
# Visual Studio Version 17
VisualStudioVersion = 17.12.35521.163
MinimumVisualStudioVersion = 10.0.40219.1
Project("{FAE04EC0-301F-11D3-BF4B-00C04F79EFBC}") = "Poliedro", "APP.Eds\Poliedro.csproj", "{15971DFA-F3EE-4791-A89C-7887529D877A}"
EndProject
Project("{2150E333-8FDC-42A3-9474-1A3956D46DE8}") = "TestAutomation", "TestAutomation", "{02EA681E-C7D8-13C7-8484-4AC65E1B71E8}"
EndProject
Project("{2150E333-8FDC-42A3-9474-1A3956D46DE8}") = "Core", "Core", "{61ABC1A5-9B65-4A32-858C-298A2F782F33}"
EndProject
Project("{2150E333-8FDC-42A3-9474-1A3956D46DE8}") = "Views", "Views", "{DEFAD985-7D21-4B88-B269-4830279FCCBC}"
EndProject
Project("{2150E333-8FDC-42A3-9474-1A3956D46DE8}") = "Tests", "Tests", "{27896539-21E3-4FD0-A4E7-03324064532C}"
EndProject
Project("{FAE04EC0-301F-11D3-BF4B-00C04F79EFBC}") = "Helpers", "Helpers\Helpers.csproj", "{EB3DD204-C6D9-4733-85DD-F7AEA25F6D76}"
EndProject
Project("{FAE04EC0-301F-11D3-BF4B-00C04F79EFBC}") = "Mobile_views", "Mobile_views\Mobile_views.csproj", "{366132AC-F932-4B97-B51B-153EB388F622}"
EndProject
Project("{FAE04EC0-301F-11D3-BF4B-00C04F79EFBC}") = "Mobile_tests", "Mobile_tests\Mobile_tests.csproj", "{E3F5BF9D-57EA-43E0-B5E2-DAB692A40E95}"
EndProject
Global
	GlobalSection(SolutionConfigurationPlatforms) = preSolution
		Debug|Any CPU = Debug|Any CPU
		Release|Any CPU = Release|Any CPU
	EndGlobalSection
	GlobalSection(ProjectConfigurationPlatforms) = postSolution
		{15971DFA-F3EE-4791-A89C-7887529D877A}.Debug|Any CPU.ActiveCfg = Debug|Any CPU
		{15971DFA-F3EE-4791-A89C-7887529D877A}.Debug|Any CPU.Build.0 = Debug|Any CPU
		{15971DFA-F3EE-4791-A89C-7887529D877A}.Debug|Any CPU.Deploy.0 = Debug|Any CPU
		{15971DFA-F3EE-4791-A89C-7887529D877A}.Release|Any CPU.ActiveCfg = Release|Any CPU
		{15971DFA-F3EE-4791-A89C-7887529D877A}.Release|Any CPU.Build.0 = Release|Any CPU
		{15971DFA-F3EE-4791-A89C-7887529D877A}.Release|Any CPU.Deploy.0 = Release|Any CPU
		{EB3DD204-C6D9-4733-85DD-F7AEA25F6D76}.Debug|Any CPU.ActiveCfg = Debug|Any CPU
		{EB3DD204-C6D9-4733-85DD-F7AEA25F6D76}.Debug|Any CPU.Build.0 = Debug|Any CPU
		{EB3DD204-C6D9-4733-85DD-F7AEA25F6D76}.Release|Any CPU.ActiveCfg = Release|Any CPU
		{EB3DD204-C6D9-4733-85DD-F7AEA25F6D76}.Release|Any CPU.Build.0 = Release|Any CPU
		{366132AC-F932-4B97-B51B-153EB388F622}.Debug|Any CPU.ActiveCfg = Debug|Any CPU
		{366132AC-F932-4B97-B51B-153EB388F622}.Debug|Any CPU.Build.0 = Debug|Any CPU
		{366132AC-F932-4B97-B51B-153EB388F622}.Release|Any CPU.ActiveCfg = Release|Any CPU
		{366132AC-F932-4B97-B51B-153EB388F622}.Release|Any CPU.Build.0 = Release|Any CPU
		{E3F5BF9D-57EA-43E0-B5E2-DAB692A40E95}.Debug|Any CPU.ActiveCfg = Debug|Any CPU
		{E3F5BF9D-57EA-43E0-B5E2-DAB692A40E95}.Debug|Any CPU.Build.0 = Debug|Any CPU
		{E3F5BF9D-57EA-43E0-B5E2-DAB692A40E95}.Release|Any CPU.ActiveCfg = Release|Any CPU
		{E3F5BF9D-57EA-43E0-B5E2-DAB692A40E95}.Release|Any CPU.Build.0 = Release|Any CPU
	EndGlobalSection
	GlobalSection(SolutionProperties) = preSolution
		HideSolutionNode = FALSE
	EndGlobalSection
	GlobalSection(NestedProjects) = preSolution
		{61ABC1A5-9B65-4A32-858C-298A2F782F33} = {02EA681E-C7D8-13C7-8484-4AC65E1B71E8}
		{DEFAD985-7D21-4B88-B269-4830279FCCBC} = {02EA681E-C7D8-13C7-8484-4AC65E1B71E8}
		{27896539-21E3-4FD0-A4E7-03324064532C} = {02EA681E-C7D8-13C7-8484-4AC65E1B71E8}
		{EB3DD204-C6D9-4733-85DD-F7AEA25F6D76} = {61ABC1A5-9B65-4A32-858C-298A2F782F33}
		{366132AC-F932-4B97-B51B-153EB388F622} = {DEFAD985-7D21-4B88-B269-4830279FCCBC}
		{E3F5BF9D-57EA-43E0-B5E2-DAB692A40E95} = {27896539-21E3-4FD0-A4E7-03324064532C}
	EndGlobalSection
	GlobalSection(ExtensibilityGlobals) = postSolution
		SolutionGuid = {39F02252-FDCE-437F-9F05-7EB32FE1006A}
	EndGlobalSection
EndGlobal
